<?xml version="1.0" encoding="utf-8"?>
<Project ToolsVersion="4.0" xmlns="http://schemas.microsoft.com/developer/msbuild/2003">
  <ItemGroup>
    <Filter Include="Source Files">
      <UniqueIdentifier>{4FC737F1-C7A5-4376-A066-2A32D752A2FF}</UniqueIdentifier>
      <Extensions>cpp;c;cc;cxx;c++;cppm;ixx;def;odl;idl;hpj;bat;asm;asmx</Extensions>
    </Filter>
    <Filter Include="Header Files">
      <UniqueIdentifier>{93995380-89BD-4b04-88EB-625FBE52EBFB}</UniqueIdentifier>
      <Extensions>h;hh;hpp;hxx;h++;hm;inl;inc;ipp;xsd</Extensions>
    </Filter>
    <Filter Include="Resource Files">
      <UniqueIdentifier>{67DA6AB6-F800-4c08-8B7A-83BB121AAD01}</UniqueIdentifier>
      <Extensions>rc;ico;cur;bmp;dlg;rc2;rct;bin;rgs;gif;jpg;jpeg;jpe;resx;tiff;tif;png;wav;mfcribbon-ms</Extensions>
    </Filter>
    <Filter Include="Source Files\sqlite">
      <UniqueIdentifier>{127836f0-9943-4e28-b1d8-51a6a2cc7f00}</UniqueIdentifier>
    </Filter>
    <Filter Include="Source Files\PyABI">
      <UniqueIdentifier>{27762bed-5a81-4768-bec4-27a8d6ff3419}</UniqueIdentifier>
    </Filter>
    <Filter Include="Source Files\PyABI\Header Files">
      <UniqueIdentifier>{b7ce25cb-6ebf-495c-b872-0c70053a604b}</UniqueIdentifier>
    </Filter>
    <Filter Include="Source Files\ttmath">
      <UniqueIdentifier>{1cccc7af-4222-4218-85fa-fdc0ed6e9360}</UniqueIdentifier>
    </Filter>
  </ItemGroup>
  <ItemGroup>
    <ClCompile Include="..\..\PyABI.cpp">
      <Filter>Source Files</Filter>
    </ClCompile>
    <ClCompile Include="..\..\PyABI_body.hpp">
      <Filter>Source Files\PyABI</Filter>
    </ClCompile>
    <ClCompile Include="..\..\PyABI_footer.hpp">
      <Filter>Source Files\PyABI</Filter>
    </ClCompile>
    <ClCompile Include="..\..\PyABI_singleton.hpp">
      <Filter>Source Files\PyABI</Filter>
    </ClCompile>
    <ClCompile Include="..\..\depends\sqlite3.c">
      <Filter>Source Files\sqlite</Filter>
    </ClCompile>
  </ItemGroup>
  <ItemGroup>
    <ClInclude Include="..\..\sqlite3.h">
      <Filter>Header Files</Filter>
    </ClInclude>
    <ClInclude Include="..\..\sqlite3ext.h">
      <Filter>Header Files</Filter>
    </ClInclude>
    <ClInclude Include="..\..\PyABI.hpp">
      <Filter>Source Files</Filter>
    </ClInclude>
    <ClInclude Include="..\..\PyABI_header.hpp">
      <Filter>Source Files\PyABI\Header Files</Filter>
    </ClInclude>
    <ClInclude Include="..\..\PyABI_header_argparse.hpp">
      <Filter>Source Files\PyABI\Header Files</Filter>
    </ClInclude>
    <ClInclude Include="..\..\PyABI_header_embed.hpp">
      <Filter>Source Files\PyABI\Header Files</Filter>
    </ClInclude>
    <ClInclude Include="..\..\PyABI_header_embed_bios.hpp">
      <Filter>Source Files\PyABI\Header Files</Filter>
    </ClInclude>
    <ClInclude Include="..\..\PyABI_header_rang.hpp">
      <Filter>Source Files\PyABI\Header Files</Filter>
    </ClInclude>
    <ClInclude Include="..\..\PyABI_header_retroforth.hpp">
      <Filter>Source Files\PyABI\Header Files</Filter>
    </ClInclude>
    <ClInclude Include="..\..\PyABI_header_retroforth_bios.hpp">
      <Filter>Source Files\PyABI\Header Files</Filter>
    </ClInclude>
    <ClInclude Include="..\..\PyABI_header_safeint.hpp">
      <Filter>Source Files\PyABI\Header Files</Filter>
    </ClInclude>
    <ClInclude Include="..\..\ttmath.h">
      <Filter>Source Files\ttmath</Filter>
    </ClInclude>
    <ClInclude Include="..\..\ttmathbig.h">
      <Filter>Source Files\ttmath</Filter>
    </ClInclude>
    <ClInclude Include="..\..\ttmathdec.h">
      <Filter>Source Files\ttmath</Filter>
    </ClInclude>
    <ClInclude Include="..\..\ttmathint.h">
      <Filter>Source Files\ttmath</Filter>
    </ClInclude>
    <ClInclude Include="..\..\ttmathmisc.h">
      <Filter>Source Files\ttmath</Filter>
    </ClInclude>
    <ClInclude Include="..\..\ttmathobjects.h">
      <Filter>Source Files\ttmath</Filter>
    </ClInclude>
    <ClInclude Include="..\..\ttmathparser.h">
      <Filter>Source Files\ttmath</Filter>
    </ClInclude>
    <ClInclude Include="..\..\ttmaththreads.h">
      <Filter>Source Files\ttmath</Filter>
    </ClInclude>
    <ClInclude Include="..\..\ttmathtypes.h">
      <Filter>Source Files\ttmath</Filter>
    </ClInclude>
    <ClInclude Include="..\..\ttmathuint.h">
      <Filter>Source Files\ttmath</Filter>
    </ClInclude>
    <ClInclude Include="..\..\ttmathuint_noasm.h">
      <Filter>Source Files\ttmath</Filter>
    </ClInclude>
  </ItemGroup>
</Project>